
Microsoft Visual Studio Solution File, Format Version 12.00
# Visual Studio Version 17
VisualStudioVersion = 17.13.35913.81
MinimumVisualStudioVersion = 10.0.40219.1
Project("{FAE04EC0-301F-11D3-BF4B-00C04F79EFBC}") = "L01-utasitasok", "L01-utasitasok\L01-utasitasok.csproj", "{972DE2C3-12A6-45CE-9A30-257FEF4EB082}"
EndProject
Project("{FAE04EC0-301F-11D3-BF4B-00C04F79EFBC}") = "L02-ciklusok", "L02-ciklusok\L02-ciklusok.csproj", "{2EEF3E00-50B1-4239-A346-BA2476D88148}"
EndProject
Project("{FAE04EC0-301F-11D3-BF4B-00C04F79EFBC}") = "L03-tombok", "L03-tombok\L03-tombok.csproj", "{23B63605-F62C-4436-938A-87F8896C5DB3}"
EndProject
Global
	GlobalSection(SolutionConfigurationPlatforms) = preSolution
		Debug|Any CPU = Debug|Any CPU
		Release|Any CPU = Release|Any CPU
	EndGlobalSection
	GlobalSection(ProjectConfigurationPlatforms) = postSolution
		{972DE2C3-12A6-45CE-9A30-257FEF4EB082}.Debug|Any CPU.ActiveCfg = Debug|Any CPU
		{972DE2C3-12A6-45CE-9A30-257FEF4EB082}.Debug|Any CPU.Build.0 = Debug|Any CPU
		{972DE2C3-12A6-45CE-9A30-257FEF4EB082}.Release|Any CPU.ActiveCfg = Release|Any CPU
		{972DE2C3-12A6-45CE-9A30-257FEF4EB082}.Release|Any CPU.Build.0 = Release|Any CPU
		{2EEF3E00-50B1-4239-A346-BA2476D88148}.Debug|Any CPU.ActiveCfg = Debug|Any CPU
		{2EEF3E00-50B1-4239-A346-BA2476D88148}.Debug|Any CPU.Build.0 = Debug|Any CPU
		{2EEF3E00-50B1-4239-A346-BA2476D88148}.Release|Any CPU.ActiveCfg = Release|Any CPU
		{2EEF3E00-50B1-4239-A346-BA2476D88148}.Release|Any CPU.Build.0 = Release|Any CPU
		{23B63605-F62C-4436-938A-87F8896C5DB3}.Debug|Any CPU.ActiveCfg = Debug|Any CPU
		{23B63605-F62C-4436-938A-87F8896C5DB3}.Debug|Any CPU.Build.0 = Debug|Any CPU
		{23B63605-F62C-4436-938A-87F8896C5DB3}.Release|Any CPU.ActiveCfg = Release|Any CPU
		{23B63605-F62C-4436-938A-87F8896C5DB3}.Release|Any CPU.Build.0 = Release|Any CPU
	EndGlobalSection
	GlobalSection(SolutionProperties) = preSolution
		HideSolutionNode = FALSE
	EndGlobalSection
	GlobalSection(ExtensibilityGlobals) = postSolution
		SolutionGuid = {9ECD70EE-D946-4A00-B7D6-09F8D1FFF079}
	EndGlobalSection
EndGlobal
